
Microsoft Visual Studio Solution File, Format Version 12.00
# Visual Studio 15
VisualStudioVersion = 15.0.28010.2003
MinimumVisualStudioVersion = 10.0.40219.1
Project("{FAE04EC0-301F-11D3-BF4B-00C04F79EFBC}") = "SQL_WPF", "SQL_WPF\SQL_WPF.csproj", "{1991331D-3CAD-43E3-8905-952E86065A07}"
EndProject
Global
	GlobalSection(SolutionConfigurationPlatforms) = preSolution
		Debug|Any CPU = Debug|Any CPU
		Release|Any CPU = Release|Any CPU
	EndGlobalSection
	GlobalSection(ProjectConfigurationPlatforms) = postSolution
		{1991331D-3CAD-43E3-8905-952E86065A07}.Debug|Any CPU.ActiveCfg = Debug|Any CPU
		{1991331D-3CAD-43E3-8905-952E86065A07}.Debug|Any CPU.Build.0 = Debug|Any CPU
		{1991331D-3CAD-43E3-8905-952E86065A07}.Release|Any CPU.ActiveCfg = Release|Any CPU
		{1991331D-3CAD-43E3-8905-952E86065A07}.Release|Any CPU.Build.0 = Release|Any CPU
	EndGlobalSection
	GlobalSection(SolutionProperties) = preSolution
		HideSolutionNode = FALSE
	EndGlobalSection
	GlobalSection(ExtensibilityGlobals) = postSolution
		SolutionGuid = {02BA1952-B0C8-4B64-8D11-DD091334F05F}
	EndGlobalSection
EndGlobal
